
Microsoft Visual Studio Solution File, Format Version 12.00
# Visual Studio Version 16
VisualStudioVersion = 16.0.810.7
MinimumVisualStudioVersion = 10.0.40219.1
Project("{FAE04EC0-301F-11D3-BF4B-00C04F79EFBC}") = "RabbitMQConsumer", "RabbitMQConsumer\RabbitMQConsumer.csproj", "{C5334793-A16C-4078-A9AD-C5155FA9E4EE}"
EndProject
Global
	GlobalSection(SolutionConfigurationPlatforms) = preSolution
		Debug|Any CPU = Debug|Any CPU
		Release|Any CPU = Release|Any CPU
	EndGlobalSection
	GlobalSection(ProjectConfigurationPlatforms) = postSolution
		{C5334793-A16C-4078-A9AD-C5155FA9E4EE}.Debug|Any CPU.ActiveCfg = Debug|Any CPU
		{C5334793-A16C-4078-A9AD-C5155FA9E4EE}.Debug|Any CPU.Build.0 = Debug|Any CPU
		{C5334793-A16C-4078-A9AD-C5155FA9E4EE}.Release|Any CPU.ActiveCfg = Release|Any CPU
		{C5334793-A16C-4078-A9AD-C5155FA9E4EE}.Release|Any CPU.Build.0 = Release|Any CPU
	EndGlobalSection
	GlobalSection(SolutionProperties) = preSolution
		HideSolutionNode = FALSE
	EndGlobalSection
	GlobalSection(ExtensibilityGlobals) = postSolution
		SolutionGuid = {053FE65C-F06F-4869-B6C9-6A01C9119858}
	EndGlobalSection
EndGlobal
