
Microsoft Visual Studio Solution File, Format Version 12.00
# Visual Studio Version 16
VisualStudioVersion = 16.0.810.9
MinimumVisualStudioVersion = 10.0.40219.1
Project("{FAE04EC0-301F-11D3-BF4B-00C04F79EFBC}") = "Dapper.EF.Demo", "Dapper.EF.Demo\Dapper.EF.Demo.csproj", "{44B35310-DA4A-47E5-B19B-201E4E8B8AB6}"
EndProject
Project("{FAE04EC0-301F-11D3-BF4B-00C04F79EFBC}") = "DAL", "DAL\DAL.csproj", "{27FFFCB3-1284-4B64-B9CA-25BCFD03EFFD}"
EndProject
Project("{FAE04EC0-301F-11D3-BF4B-00C04F79EFBC}") = "Common", "Common\Common.csproj", "{A7F444A5-DB86-4045-8000-6E4402321C1C}"
EndProject
Global
	GlobalSection(SolutionConfigurationPlatforms) = preSolution
		Debug|Any CPU = Debug|Any CPU
		Release|Any CPU = Release|Any CPU
	EndGlobalSection
	GlobalSection(ProjectConfigurationPlatforms) = postSolution
		{44B35310-DA4A-47E5-B19B-201E4E8B8AB6}.Debug|Any CPU.ActiveCfg = Debug|Any CPU
		{44B35310-DA4A-47E5-B19B-201E4E8B8AB6}.Debug|Any CPU.Build.0 = Debug|Any CPU
		{44B35310-DA4A-47E5-B19B-201E4E8B8AB6}.Release|Any CPU.ActiveCfg = Release|Any CPU
		{44B35310-DA4A-47E5-B19B-201E4E8B8AB6}.Release|Any CPU.Build.0 = Release|Any CPU
		{27FFFCB3-1284-4B64-B9CA-25BCFD03EFFD}.Debug|Any CPU.ActiveCfg = Debug|Any CPU
		{27FFFCB3-1284-4B64-B9CA-25BCFD03EFFD}.Debug|Any CPU.Build.0 = Debug|Any CPU
		{27FFFCB3-1284-4B64-B9CA-25BCFD03EFFD}.Release|Any CPU.ActiveCfg = Release|Any CPU
		{27FFFCB3-1284-4B64-B9CA-25BCFD03EFFD}.Release|Any CPU.Build.0 = Release|Any CPU
		{A7F444A5-DB86-4045-8000-6E4402321C1C}.Debug|Any CPU.ActiveCfg = Debug|Any CPU
		{A7F444A5-DB86-4045-8000-6E4402321C1C}.Debug|Any CPU.Build.0 = Debug|Any CPU
		{A7F444A5-DB86-4045-8000-6E4402321C1C}.Release|Any CPU.ActiveCfg = Release|Any CPU
		{A7F444A5-DB86-4045-8000-6E4402321C1C}.Release|Any CPU.Build.0 = Release|Any CPU
	EndGlobalSection
	GlobalSection(SolutionProperties) = preSolution
		HideSolutionNode = FALSE
	EndGlobalSection
	GlobalSection(ExtensibilityGlobals) = postSolution
		SolutionGuid = {58503D86-E5E7-4F25-92AC-9BA4423D2098}
	EndGlobalSection
EndGlobal
